<Solution>
  <Folder Name="/src/">
    <Project Path="src/Hotella.Agent.Core/Hotella.Agent.Core.csproj" />
    <Project Path="src/Hotella.Agent.Fias/Hotella.Agent.Fias.csproj" />
    <Project Path="src/Hotella.Agent/Hotella.Agent.csproj" />
  </Folder>
  <Folder Name="/test/">
    <Project Path="test/Hotella.Agent.Conformance/Hotella.Agent.Conformance.csproj" />
    <Project Path="test/Hotella.Agent.Tests/Hotella.Agent.Tests.csproj" />
  </Folder>
</Solution>
